
Microsoft Visual Studio Solution File, Format Version 12.00
# Visual Studio 15
VisualStudioVersion = 15.0.28010.2046
MinimumVisualStudioVersion = 10.0.40219.1
Project("{FAE04EC0-301F-11D3-BF4B-00C04F79EFBC}") = "uitestwithseleniuminvisualstudio", "uitestwithseleniuminvisualstudio\uitestwithseleniuminvisualstudio.csproj", "{ADF98FAE-4659-4A78-AD5F-366D0ED5FBAA}"
EndProject
Project("{2150E333-8FDC-42A3-9474-1A3956D46DE8}") = "readmeimages", "readmeimages", "{03A745B2-379F-4248-8B0C-597B169B1494}"
	ProjectSection(SolutionItems) = preProject
		readmeimages\animated_gif.gif = readmeimages\animated_gif.gif
		readmeimages\Step1.png = readmeimages\Step1.png
		readmeimages\Step2.png = readmeimages\Step2.png
		readmeimages\Step3.png = readmeimages\Step3.png
		readmeimages\Step4.png = readmeimages\Step4.png
		readmeimages\Step5.png = readmeimages\Step5.png
		readmeimages\Step61.png = readmeimages\Step61.png
		readmeimages\Step62.png = readmeimages\Step62.png
		readmeimages\Step7.png = readmeimages\Step7.png
	EndProjectSection
EndProject
Project("{FAE04EC0-301F-11D3-BF4B-00C04F79EFBC}") = "webapp", "webapp\webapp.csproj", "{622E6870-C217-4628-B99F-9B4D92A6F151}"
EndProject
Global
	GlobalSection(SolutionConfigurationPlatforms) = preSolution
		Debug|Any CPU = Debug|Any CPU
		Release|Any CPU = Release|Any CPU
	EndGlobalSection
	GlobalSection(ProjectConfigurationPlatforms) = postSolution
		{ADF98FAE-4659-4A78-AD5F-366D0ED5FBAA}.Debug|Any CPU.ActiveCfg = Debug|Any CPU
		{ADF98FAE-4659-4A78-AD5F-366D0ED5FBAA}.Debug|Any CPU.Build.0 = Debug|Any CPU
		{ADF98FAE-4659-4A78-AD5F-366D0ED5FBAA}.Release|Any CPU.ActiveCfg = Release|Any CPU
		{ADF98FAE-4659-4A78-AD5F-366D0ED5FBAA}.Release|Any CPU.Build.0 = Release|Any CPU
		{622E6870-C217-4628-B99F-9B4D92A6F151}.Debug|Any CPU.ActiveCfg = Debug|Any CPU
		{622E6870-C217-4628-B99F-9B4D92A6F151}.Debug|Any CPU.Build.0 = Debug|Any CPU
		{622E6870-C217-4628-B99F-9B4D92A6F151}.Release|Any CPU.ActiveCfg = Release|Any CPU
		{622E6870-C217-4628-B99F-9B4D92A6F151}.Release|Any CPU.Build.0 = Release|Any CPU
	EndGlobalSection
	GlobalSection(SolutionProperties) = preSolution
		HideSolutionNode = FALSE
	EndGlobalSection
	GlobalSection(ExtensibilityGlobals) = postSolution
		SolutionGuid = {DE402EB2-B565-445F-B08F-17210365CE94}
	EndGlobalSection
EndGlobal
